
Microsoft Visual Studio Solution File, Format Version 12.00
# Visual Studio 2012
Project("{FAE04EC0-301F-11D3-BF4B-00C04F79EFBC}") = "EulerProblem21", "EulerProblem21\EulerProblem21.csproj", "{87BDA325-3238-4166-9F3D-4B6CBFF8A385}"
EndProject
Project("{FAE04EC0-301F-11D3-BF4B-00C04F79EFBC}") = "EulerLib", "..\EulerLib\EulerLib\EulerLib.csproj", "{2AD556BA-A932-4CB2-BD29-B5C9D9444783}"
EndProject
Global
	GlobalSection(SolutionConfigurationPlatforms) = preSolution
		Debug|Any CPU = Debug|Any CPU
		Release|Any CPU = Release|Any CPU
	EndGlobalSection
	GlobalSection(ProjectConfigurationPlatforms) = postSolution
		{87BDA325-3238-4166-9F3D-4B6CBFF8A385}.Debug|Any CPU.ActiveCfg = Debug|Any CPU
		{87BDA325-3238-4166-9F3D-4B6CBFF8A385}.Debug|Any CPU.Build.0 = Debug|Any CPU
		{87BDA325-3238-4166-9F3D-4B6CBFF8A385}.Release|Any CPU.ActiveCfg = Release|Any CPU
		{87BDA325-3238-4166-9F3D-4B6CBFF8A385}.Release|Any CPU.Build.0 = Release|Any CPU
		{2AD556BA-A932-4CB2-BD29-B5C9D9444783}.Debug|Any CPU.ActiveCfg = Debug|Any CPU
		{2AD556BA-A932-4CB2-BD29-B5C9D9444783}.Debug|Any CPU.Build.0 = Debug|Any CPU
		{2AD556BA-A932-4CB2-BD29-B5C9D9444783}.Release|Any CPU.ActiveCfg = Release|Any CPU
		{2AD556BA-A932-4CB2-BD29-B5C9D9444783}.Release|Any CPU.Build.0 = Release|Any CPU
	EndGlobalSection
	GlobalSection(SolutionProperties) = preSolution
		HideSolutionNode = FALSE
	EndGlobalSection
EndGlobal
