
Microsoft Visual Studio Solution File, Format Version 12.00
# Visual Studio 2012
Project("{FAE04EC0-301F-11D3-BF4B-00C04F79EFBC}") = "EulerProblem11", "EulerProblem11\EulerProblem11.csproj", "{24DF49BA-282B-43A9-A38A-58A63D858FD9}"
EndProject
Global
	GlobalSection(SolutionConfigurationPlatforms) = preSolution
		Debug|Any CPU = Debug|Any CPU
		Release|Any CPU = Release|Any CPU
	EndGlobalSection
	GlobalSection(ProjectConfigurationPlatforms) = postSolution
		{24DF49BA-282B-43A9-A38A-58A63D858FD9}.Debug|Any CPU.ActiveCfg = Debug|Any CPU
		{24DF49BA-282B-43A9-A38A-58A63D858FD9}.Debug|Any CPU.Build.0 = Debug|Any CPU
		{24DF49BA-282B-43A9-A38A-58A63D858FD9}.Release|Any CPU.ActiveCfg = Release|Any CPU
		{24DF49BA-282B-43A9-A38A-58A63D858FD9}.Release|Any CPU.Build.0 = Release|Any CPU
	EndGlobalSection
	GlobalSection(SolutionProperties) = preSolution
		HideSolutionNode = FALSE
	EndGlobalSection
EndGlobal
