
Microsoft Visual Studio Solution File, Format Version 12.00
# Visual Studio 2012
Project("{FAE04EC0-301F-11D3-BF4B-00C04F79EFBC}") = "EulerProblem18", "EulerProblem18\EulerProblem18.csproj", "{F7BE8FCD-6532-4343-BE89-7733FE61BB0C}"
EndProject
Global
	GlobalSection(SolutionConfigurationPlatforms) = preSolution
		Debug|Any CPU = Debug|Any CPU
		Release|Any CPU = Release|Any CPU
	EndGlobalSection
	GlobalSection(ProjectConfigurationPlatforms) = postSolution
		{F7BE8FCD-6532-4343-BE89-7733FE61BB0C}.Debug|Any CPU.ActiveCfg = Debug|Any CPU
		{F7BE8FCD-6532-4343-BE89-7733FE61BB0C}.Debug|Any CPU.Build.0 = Debug|Any CPU
		{F7BE8FCD-6532-4343-BE89-7733FE61BB0C}.Release|Any CPU.ActiveCfg = Release|Any CPU
		{F7BE8FCD-6532-4343-BE89-7733FE61BB0C}.Release|Any CPU.Build.0 = Release|Any CPU
	EndGlobalSection
	GlobalSection(SolutionProperties) = preSolution
		HideSolutionNode = FALSE
	EndGlobalSection
EndGlobal
