
Microsoft Visual Studio Solution File, Format Version 12.00
# Visual Studio 2012
Project("{FAE04EC0-301F-11D3-BF4B-00C04F79EFBC}") = "EulerProblem22", "EulerProblem22\EulerProblem22.csproj", "{168021F4-950E-46B9-8FA2-293B470056AD}"
EndProject
Global
	GlobalSection(SolutionConfigurationPlatforms) = preSolution
		Debug|Any CPU = Debug|Any CPU
		Release|Any CPU = Release|Any CPU
	EndGlobalSection
	GlobalSection(ProjectConfigurationPlatforms) = postSolution
		{168021F4-950E-46B9-8FA2-293B470056AD}.Debug|Any CPU.ActiveCfg = Debug|Any CPU
		{168021F4-950E-46B9-8FA2-293B470056AD}.Debug|Any CPU.Build.0 = Debug|Any CPU
		{168021F4-950E-46B9-8FA2-293B470056AD}.Release|Any CPU.ActiveCfg = Release|Any CPU
		{168021F4-950E-46B9-8FA2-293B470056AD}.Release|Any CPU.Build.0 = Release|Any CPU
	EndGlobalSection
	GlobalSection(SolutionProperties) = preSolution
		HideSolutionNode = FALSE
	EndGlobalSection
EndGlobal
