
Microsoft Visual Studio Solution File, Format Version 12.00
# Visual Studio 2012
Project("{FAE04EC0-301F-11D3-BF4B-00C04F79EFBC}") = "EulerProblem4", "EulerProblem4\EulerProblem4.csproj", "{7B3A0D3C-8E1A-458A-B814-6D63ED56BDA2}"
EndProject
Global
	GlobalSection(SolutionConfigurationPlatforms) = preSolution
		Debug|Any CPU = Debug|Any CPU
		Release|Any CPU = Release|Any CPU
	EndGlobalSection
	GlobalSection(ProjectConfigurationPlatforms) = postSolution
		{7B3A0D3C-8E1A-458A-B814-6D63ED56BDA2}.Debug|Any CPU.ActiveCfg = Debug|Any CPU
		{7B3A0D3C-8E1A-458A-B814-6D63ED56BDA2}.Debug|Any CPU.Build.0 = Debug|Any CPU
		{7B3A0D3C-8E1A-458A-B814-6D63ED56BDA2}.Release|Any CPU.ActiveCfg = Release|Any CPU
		{7B3A0D3C-8E1A-458A-B814-6D63ED56BDA2}.Release|Any CPU.Build.0 = Release|Any CPU
	EndGlobalSection
	GlobalSection(SolutionProperties) = preSolution
		HideSolutionNode = FALSE
	EndGlobalSection
EndGlobal
