
Microsoft Visual Studio Solution File, Format Version 12.00
# Visual Studio 2012
Project("{FAE04EC0-301F-11D3-BF4B-00C04F79EFBC}") = "EulerProblem10", "EulerProblem10\EulerProblem10.csproj", "{98884C5D-54DB-4BAB-BF1B-3D8D38FCDCE0}"
EndProject
Global
	GlobalSection(SolutionConfigurationPlatforms) = preSolution
		Debug|Any CPU = Debug|Any CPU
		Release|Any CPU = Release|Any CPU
	EndGlobalSection
	GlobalSection(ProjectConfigurationPlatforms) = postSolution
		{98884C5D-54DB-4BAB-BF1B-3D8D38FCDCE0}.Debug|Any CPU.ActiveCfg = Debug|Any CPU
		{98884C5D-54DB-4BAB-BF1B-3D8D38FCDCE0}.Debug|Any CPU.Build.0 = Debug|Any CPU
		{98884C5D-54DB-4BAB-BF1B-3D8D38FCDCE0}.Release|Any CPU.ActiveCfg = Release|Any CPU
		{98884C5D-54DB-4BAB-BF1B-3D8D38FCDCE0}.Release|Any CPU.Build.0 = Release|Any CPU
	EndGlobalSection
	GlobalSection(SolutionProperties) = preSolution
		HideSolutionNode = FALSE
	EndGlobalSection
EndGlobal
