
Microsoft Visual Studio Solution File, Format Version 12.00
# Visual Studio 2012
Project("{FAE04EC0-301F-11D3-BF4B-00C04F79EFBC}") = "EulerProblem24", "EulerProblem24\EulerProblem24.csproj", "{D9D3276E-91E4-45AA-BD09-F6A0687D8BBF}"
EndProject
Project("{FAE04EC0-301F-11D3-BF4B-00C04F79EFBC}") = "EulerLib", "..\EulerLib\EulerLib\EulerLib.csproj", "{2AD556BA-A932-4CB2-BD29-B5C9D9444783}"
EndProject
Global
	GlobalSection(SolutionConfigurationPlatforms) = preSolution
		Debug|Any CPU = Debug|Any CPU
		Release|Any CPU = Release|Any CPU
	EndGlobalSection
	GlobalSection(ProjectConfigurationPlatforms) = postSolution
		{D9D3276E-91E4-45AA-BD09-F6A0687D8BBF}.Debug|Any CPU.ActiveCfg = Debug|Any CPU
		{D9D3276E-91E4-45AA-BD09-F6A0687D8BBF}.Debug|Any CPU.Build.0 = Debug|Any CPU
		{D9D3276E-91E4-45AA-BD09-F6A0687D8BBF}.Release|Any CPU.ActiveCfg = Release|Any CPU
		{D9D3276E-91E4-45AA-BD09-F6A0687D8BBF}.Release|Any CPU.Build.0 = Release|Any CPU
		{2AD556BA-A932-4CB2-BD29-B5C9D9444783}.Debug|Any CPU.ActiveCfg = Debug|Any CPU
		{2AD556BA-A932-4CB2-BD29-B5C9D9444783}.Debug|Any CPU.Build.0 = Debug|Any CPU
		{2AD556BA-A932-4CB2-BD29-B5C9D9444783}.Release|Any CPU.ActiveCfg = Release|Any CPU
		{2AD556BA-A932-4CB2-BD29-B5C9D9444783}.Release|Any CPU.Build.0 = Release|Any CPU
	EndGlobalSection
	GlobalSection(SolutionProperties) = preSolution
		HideSolutionNode = FALSE
	EndGlobalSection
EndGlobal
